
Microsoft Visual Studio Solution File, Format Version 12.00
# Visual Studio Version 16
VisualStudioVersion = 16.0.29409.12
MinimumVisualStudioVersion = 10.0.40219.1
Project("{FAE04EC0-301F-11D3-BF4B-00C04F79EFBC}") = "KakakuMemo", "KakakuMemo\KakakuMemo\KakakuMemo.csproj", "{8CD88B4C-9D0B-4E2F-8256-C2640A7F5F45}"
EndProject
Project("{FAE04EC0-301F-11D3-BF4B-00C04F79EFBC}") = "KakakuMemo.Android", "KakakuMemo\KakakuMemo.Android\KakakuMemo.Android.csproj", "{0A87AB97-9D28-4703-86D6-ECC844A20507}"
EndProject
Project("{FAE04EC0-301F-11D3-BF4B-00C04F79EFBC}") = "KakakuMemo.iOS", "KakakuMemo\KakakuMemo.iOS\KakakuMemo.iOS.csproj", "{AC3800FA-B365-45FB-A115-02EFC5E64427}"
EndProject
Global
	GlobalSection(SolutionConfigurationPlatforms) = preSolution
		Ad-Hoc|Any CPU = Ad-Hoc|Any CPU
		Ad-Hoc|iPhone = Ad-Hoc|iPhone
		Ad-Hoc|iPhoneSimulator = Ad-Hoc|iPhoneSimulator
		AppStore|Any CPU = AppStore|Any CPU
		AppStore|iPhone = AppStore|iPhone
		AppStore|iPhoneSimulator = AppStore|iPhoneSimulator
		Debug|Any CPU = Debug|Any CPU
		Debug|iPhone = Debug|iPhone
		Debug|iPhoneSimulator = Debug|iPhoneSimulator
		Release|Any CPU = Release|Any CPU
		Release|iPhone = Release|iPhone
		Release|iPhoneSimulator = Release|iPhoneSimulator
	EndGlobalSection
	GlobalSection(ProjectConfigurationPlatforms) = postSolution
		{8CD88B4C-9D0B-4E2F-8256-C2640A7F5F45}.Ad-Hoc|Any CPU.ActiveCfg = Debug|Any CPU
		{8CD88B4C-9D0B-4E2F-8256-C2640A7F5F45}.Ad-Hoc|Any CPU.Build.0 = Debug|Any CPU
		{8CD88B4C-9D0B-4E2F-8256-C2640A7F5F45}.Ad-Hoc|iPhone.ActiveCfg = Debug|Any CPU
		{8CD88B4C-9D0B-4E2F-8256-C2640A7F5F45}.Ad-Hoc|iPhone.Build.0 = Debug|Any CPU
		{8CD88B4C-9D0B-4E2F-8256-C2640A7F5F45}.Ad-Hoc|iPhoneSimulator.ActiveCfg = Debug|Any CPU
		{8CD88B4C-9D0B-4E2F-8256-C2640A7F5F45}.Ad-Hoc|iPhoneSimulator.Build.0 = Debug|Any CPU
		{8CD88B4C-9D0B-4E2F-8256-C2640A7F5F45}.AppStore|Any CPU.ActiveCfg = Debug|Any CPU
		{8CD88B4C-9D0B-4E2F-8256-C2640A7F5F45}.AppStore|Any CPU.Build.0 = Debug|Any CPU
		{8CD88B4C-9D0B-4E2F-8256-C2640A7F5F45}.AppStore|iPhone.ActiveCfg = Debug|Any CPU
		{8CD88B4C-9D0B-4E2F-8256-C2640A7F5F45}.AppStore|iPhone.Build.0 = Debug|Any CPU
		{8CD88B4C-9D0B-4E2F-8256-C2640A7F5F45}.AppStore|iPhoneSimulator.ActiveCfg = Debug|Any CPU
		{8CD88B4C-9D0B-4E2F-8256-C2640A7F5F45}.AppStore|iPhoneSimulator.Build.0 = Debug|Any CPU
		{8CD88B4C-9D0B-4E2F-8256-C2640A7F5F45}.Debug|Any CPU.ActiveCfg = Debug|Any CPU
		{8CD88B4C-9D0B-4E2F-8256-C2640A7F5F45}.Debug|Any CPU.Build.0 = Debug|Any CPU
		{8CD88B4C-9D0B-4E2F-8256-C2640A7F5F45}.Debug|iPhone.ActiveCfg = Debug|Any CPU
		{8CD88B4C-9D0B-4E2F-8256-C2640A7F5F45}.Debug|iPhone.Build.0 = Debug|Any CPU
		{8CD88B4C-9D0B-4E2F-8256-C2640A7F5F45}.Debug|iPhoneSimulator.ActiveCfg = Debug|Any CPU
		{8CD88B4C-9D0B-4E2F-8256-C2640A7F5F45}.Debug|iPhoneSimulator.Build.0 = Debug|Any CPU
		{8CD88B4C-9D0B-4E2F-8256-C2640A7F5F45}.Release|Any CPU.ActiveCfg = Release|Any CPU
		{8CD88B4C-9D0B-4E2F-8256-C2640A7F5F45}.Release|Any CPU.Build.0 = Release|Any CPU
		{8CD88B4C-9D0B-4E2F-8256-C2640A7F5F45}.Release|iPhone.ActiveCfg = Release|Any CPU
		{8CD88B4C-9D0B-4E2F-8256-C2640A7F5F45}.Release|iPhone.Build.0 = Release|Any CPU
		{8CD88B4C-9D0B-4E2F-8256-C2640A7F5F45}.Release|iPhoneSimulator.ActiveCfg = Release|Any CPU
		{8CD88B4C-9D0B-4E2F-8256-C2640A7F5F45}.Release|iPhoneSimulator.Build.0 = Release|Any CPU
		{0A87AB97-9D28-4703-86D6-ECC844A20507}.Ad-Hoc|Any CPU.ActiveCfg = Release|Any CPU
		{0A87AB97-9D28-4703-86D6-ECC844A20507}.Ad-Hoc|Any CPU.Build.0 = Release|Any CPU
		{0A87AB97-9D28-4703-86D6-ECC844A20507}.Ad-Hoc|Any CPU.Deploy.0 = Release|Any CPU
		{0A87AB97-9D28-4703-86D6-ECC844A20507}.Ad-Hoc|iPhone.ActiveCfg = Release|Any CPU
		{0A87AB97-9D28-4703-86D6-ECC844A20507}.Ad-Hoc|iPhone.Build.0 = Release|Any CPU
		{0A87AB97-9D28-4703-86D6-ECC844A20507}.Ad-Hoc|iPhone.Deploy.0 = Release|Any CPU
		{0A87AB97-9D28-4703-86D6-ECC844A20507}.Ad-Hoc|iPhoneSimulator.ActiveCfg = Release|Any CPU
		{0A87AB97-9D28-4703-86D6-ECC844A20507}.Ad-Hoc|iPhoneSimulator.Build.0 = Release|Any CPU
		{0A87AB97-9D28-4703-86D6-ECC844A20507}.Ad-Hoc|iPhoneSimulator.Deploy.0 = Release|Any CPU
		{0A87AB97-9D28-4703-86D6-ECC844A20507}.AppStore|Any CPU.ActiveCfg = Release|Any CPU
		{0A87AB97-9D28-4703-86D6-ECC844A20507}.AppStore|Any CPU.Build.0 = Release|Any CPU
		{0A87AB97-9D28-4703-86D6-ECC844A20507}.AppStore|Any CPU.Deploy.0 = Release|Any CPU
		{0A87AB97-9D28-4703-86D6-ECC844A20507}.AppStore|iPhone.ActiveCfg = Release|Any CPU
		{0A87AB97-9D28-4703-86D6-ECC844A20507}.AppStore|iPhone.Build.0 = Release|Any CPU
		{0A87AB97-9D28-4703-86D6-ECC844A20507}.AppStore|iPhone.Deploy.0 = Release|Any CPU
		{0A87AB97-9D28-4703-86D6-ECC844A20507}.AppStore|iPhoneSimulator.ActiveCfg = Release|Any CPU
		{0A87AB97-9D28-4703-86D6-ECC844A20507}.AppStore|iPhoneSimulator.Build.0 = Release|Any CPU
		{0A87AB97-9D28-4703-86D6-ECC844A20507}.AppStore|iPhoneSimulator.Deploy.0 = Release|Any CPU
		{0A87AB97-9D28-4703-86D6-ECC844A20507}.Debug|Any CPU.ActiveCfg = Debug|Any CPU
		{0A87AB97-9D28-4703-86D6-ECC844A20507}.Debug|Any CPU.Build.0 = Debug|Any CPU
		{0A87AB97-9D28-4703-86D6-ECC844A20507}.Debug|Any CPU.Deploy.0 = Debug|Any CPU
		{0A87AB97-9D28-4703-86D6-ECC844A20507}.Debug|iPhone.ActiveCfg = Debug|Any CPU
		{0A87AB97-9D28-4703-86D6-ECC844A20507}.Debug|iPhone.Build.0 = Debug|Any CPU
		{0A87AB97-9D28-4703-86D6-ECC844A20507}.Debug|iPhone.Deploy.0 = Debug|Any CPU
		{0A87AB97-9D28-4703-86D6-ECC844A20507}.Debug|iPhoneSimulator.ActiveCfg = Debug|Any CPU
		{0A87AB97-9D28-4703-86D6-ECC844A20507}.Debug|iPhoneSimulator.Build.0 = Debug|Any CPU
		{0A87AB97-9D28-4703-86D6-ECC844A20507}.Debug|iPhoneSimulator.Deploy.0 = Debug|Any CPU
		{0A87AB97-9D28-4703-86D6-ECC844A20507}.Release|Any CPU.ActiveCfg = Release|Any CPU
		{0A87AB97-9D28-4703-86D6-ECC844A20507}.Release|Any CPU.Build.0 = Release|Any CPU
		{0A87AB97-9D28-4703-86D6-ECC844A20507}.Release|Any CPU.Deploy.0 = Release|Any CPU
		{0A87AB97-9D28-4703-86D6-ECC844A20507}.Release|iPhone.ActiveCfg = Release|Any CPU
		{0A87AB97-9D28-4703-86D6-ECC844A20507}.Release|iPhone.Build.0 = Release|Any CPU
		{0A87AB97-9D28-4703-86D6-ECC844A20507}.Release|iPhone.Deploy.0 = Release|Any CPU
		{0A87AB97-9D28-4703-86D6-ECC844A20507}.Release|iPhoneSimulator.ActiveCfg = Release|Any CPU
		{0A87AB97-9D28-4703-86D6-ECC844A20507}.Release|iPhoneSimulator.Build.0 = Release|Any CPU
		{0A87AB97-9D28-4703-86D6-ECC844A20507}.Release|iPhoneSimulator.Deploy.0 = Release|Any CPU
		{AC3800FA-B365-45FB-A115-02EFC5E64427}.Ad-Hoc|Any CPU.ActiveCfg = Ad-Hoc|iPhone
		{AC3800FA-B365-45FB-A115-02EFC5E64427}.Ad-Hoc|iPhone.ActiveCfg = Ad-Hoc|iPhone
		{AC3800FA-B365-45FB-A115-02EFC5E64427}.Ad-Hoc|iPhone.Build.0 = Ad-Hoc|iPhone
		{AC3800FA-B365-45FB-A115-02EFC5E64427}.Ad-Hoc|iPhoneSimulator.ActiveCfg = Ad-Hoc|iPhoneSimulator
		{AC3800FA-B365-45FB-A115-02EFC5E64427}.Ad-Hoc|iPhoneSimulator.Build.0 = Ad-Hoc|iPhoneSimulator
		{AC3800FA-B365-45FB-A115-02EFC5E64427}.AppStore|Any CPU.ActiveCfg = AppStore|iPhone
		{AC3800FA-B365-45FB-A115-02EFC5E64427}.AppStore|iPhone.ActiveCfg = AppStore|iPhone
		{AC3800FA-B365-45FB-A115-02EFC5E64427}.AppStore|iPhone.Build.0 = AppStore|iPhone
		{AC3800FA-B365-45FB-A115-02EFC5E64427}.AppStore|iPhoneSimulator.ActiveCfg = AppStore|iPhoneSimulator
		{AC3800FA-B365-45FB-A115-02EFC5E64427}.AppStore|iPhoneSimulator.Build.0 = AppStore|iPhoneSimulator
		{AC3800FA-B365-45FB-A115-02EFC5E64427}.Debug|Any CPU.ActiveCfg = Debug|iPhone
		{AC3800FA-B365-45FB-A115-02EFC5E64427}.Debug|iPhone.ActiveCfg = Debug|iPhone
		{AC3800FA-B365-45FB-A115-02EFC5E64427}.Debug|iPhone.Build.0 = Debug|iPhone
		{AC3800FA-B365-45FB-A115-02EFC5E64427}.Debug|iPhoneSimulator.ActiveCfg = Debug|iPhoneSimulator
		{AC3800FA-B365-45FB-A115-02EFC5E64427}.Debug|iPhoneSimulator.Build.0 = Debug|iPhoneSimulator
		{AC3800FA-B365-45FB-A115-02EFC5E64427}.Release|Any CPU.ActiveCfg = Release|iPhone
		{AC3800FA-B365-45FB-A115-02EFC5E64427}.Release|iPhone.ActiveCfg = Release|iPhone
		{AC3800FA-B365-45FB-A115-02EFC5E64427}.Release|iPhone.Build.0 = Release|iPhone
		{AC3800FA-B365-45FB-A115-02EFC5E64427}.Release|iPhoneSimulator.ActiveCfg = Release|iPhoneSimulator
		{AC3800FA-B365-45FB-A115-02EFC5E64427}.Release|iPhoneSimulator.Build.0 = Release|iPhoneSimulator
	EndGlobalSection
	GlobalSection(SolutionProperties) = preSolution
		HideSolutionNode = FALSE
	EndGlobalSection
	GlobalSection(ExtensibilityGlobals) = postSolution
		SolutionGuid = {7E6B06A3-1131-4917-A4F7-881874ECF775}
	EndGlobalSection
EndGlobal
